
Microsoft Visual Studio Solution File, Format Version 12.00
# Visual Studio Version 16
VisualStudioVersion = 16.0.29920.165
MinimumVisualStudioVersion = 10.0.40219.1
Project("{FAE04EC0-301F-11D3-BF4B-00C04F79EFBC}") = "Questionary", "Questionary\Questionary.csproj", "{B95DB2E0-8CAE-4738-8450-0BFA939FB0E3}"
EndProject
Project("{FAE04EC0-301F-11D3-BF4B-00C04F79EFBC}") = "Distance", "..\Distance\Distance.csproj", "{F60AD443-DD1B-48AE-BD02-0935185AC8A3}"
EndProject
Project("{FAE04EC0-301F-11D3-BF4B-00C04F79EFBC}") = "ExchangeOfValues", "..\ExchangeOfValues\ExchangeOfValues.csproj", "{B5E82024-E44D-41E7-94E5-04820BDAD63A}"
EndProject
Project("{FAE04EC0-301F-11D3-BF4B-00C04F79EFBC}") = "Print", "..\Print\Print.csproj", "{C335D194-BB16-4484-8F20-AAB011E22EFA}"
EndProject
Global
	GlobalSection(SolutionConfigurationPlatforms) = preSolution
		Debug|Any CPU = Debug|Any CPU
		Release|Any CPU = Release|Any CPU
	EndGlobalSection
	GlobalSection(ProjectConfigurationPlatforms) = postSolution
		{B95DB2E0-8CAE-4738-8450-0BFA939FB0E3}.Debug|Any CPU.ActiveCfg = Debug|Any CPU
		{B95DB2E0-8CAE-4738-8450-0BFA939FB0E3}.Debug|Any CPU.Build.0 = Debug|Any CPU
		{B95DB2E0-8CAE-4738-8450-0BFA939FB0E3}.Release|Any CPU.ActiveCfg = Release|Any CPU
		{B95DB2E0-8CAE-4738-8450-0BFA939FB0E3}.Release|Any CPU.Build.0 = Release|Any CPU
		{F60AD443-DD1B-48AE-BD02-0935185AC8A3}.Debug|Any CPU.ActiveCfg = Debug|Any CPU
		{F60AD443-DD1B-48AE-BD02-0935185AC8A3}.Debug|Any CPU.Build.0 = Debug|Any CPU
		{F60AD443-DD1B-48AE-BD02-0935185AC8A3}.Release|Any CPU.ActiveCfg = Release|Any CPU
		{F60AD443-DD1B-48AE-BD02-0935185AC8A3}.Release|Any CPU.Build.0 = Release|Any CPU
		{B5E82024-E44D-41E7-94E5-04820BDAD63A}.Debug|Any CPU.ActiveCfg = Debug|Any CPU
		{B5E82024-E44D-41E7-94E5-04820BDAD63A}.Debug|Any CPU.Build.0 = Debug|Any CPU
		{B5E82024-E44D-41E7-94E5-04820BDAD63A}.Release|Any CPU.ActiveCfg = Release|Any CPU
		{B5E82024-E44D-41E7-94E5-04820BDAD63A}.Release|Any CPU.Build.0 = Release|Any CPU
		{C335D194-BB16-4484-8F20-AAB011E22EFA}.Debug|Any CPU.ActiveCfg = Debug|Any CPU
		{C335D194-BB16-4484-8F20-AAB011E22EFA}.Debug|Any CPU.Build.0 = Debug|Any CPU
		{C335D194-BB16-4484-8F20-AAB011E22EFA}.Release|Any CPU.ActiveCfg = Release|Any CPU
		{C335D194-BB16-4484-8F20-AAB011E22EFA}.Release|Any CPU.Build.0 = Release|Any CPU
	EndGlobalSection
	GlobalSection(SolutionProperties) = preSolution
		HideSolutionNode = FALSE
	EndGlobalSection
	GlobalSection(ExtensibilityGlobals) = postSolution
		SolutionGuid = {0D4D2756-F67D-4744-A24A-F37BD99B8154}
	EndGlobalSection
EndGlobal
