
Microsoft Visual Studio Solution File, Format Version 12.00
# Visual Studio Version 16
VisualStudioVersion = 16.0.29920.165
MinimumVisualStudioVersion = 10.0.40219.1
Project("{FAE04EC0-301F-11D3-BF4B-00C04F79EFBC}") = "ArrayApp", "ArrayApp\ArrayApp.csproj", "{45DEB9BB-E619-4DAC-B148-EF13873F7A36}"
EndProject
Project("{FAE04EC0-301F-11D3-BF4B-00C04F79EFBC}") = "StaticArray", "StaticArray\StaticArray.csproj", "{C7634BAF-358F-48A5-98CB-E02376ED94EA}"
EndProject
Project("{FAE04EC0-301F-11D3-BF4B-00C04F79EFBC}") = "ArrayFromLib", "ArrayFromLib\ArrayFromLib.csproj", "{39337D88-3911-49BE-89D1-1AA4A5D156B5}"
EndProject
Project("{FAE04EC0-301F-11D3-BF4B-00C04F79EFBC}") = "Account", "Account\Account.csproj", "{A67F25A6-63D9-496B-98F0-A0F46DD8042C}"
EndProject
Project("{FAE04EC0-301F-11D3-BF4B-00C04F79EFBC}") = "Array2D", "Array2D\Array2D.csproj", "{22C5772B-F7C3-412B-B2FA-FD465DE713F5}"
EndProject
Global
	GlobalSection(SolutionConfigurationPlatforms) = preSolution
		Debug|Any CPU = Debug|Any CPU
		Release|Any CPU = Release|Any CPU
	EndGlobalSection
	GlobalSection(ProjectConfigurationPlatforms) = postSolution
		{45DEB9BB-E619-4DAC-B148-EF13873F7A36}.Debug|Any CPU.ActiveCfg = Debug|Any CPU
		{45DEB9BB-E619-4DAC-B148-EF13873F7A36}.Debug|Any CPU.Build.0 = Debug|Any CPU
		{45DEB9BB-E619-4DAC-B148-EF13873F7A36}.Release|Any CPU.ActiveCfg = Release|Any CPU
		{45DEB9BB-E619-4DAC-B148-EF13873F7A36}.Release|Any CPU.Build.0 = Release|Any CPU
		{C7634BAF-358F-48A5-98CB-E02376ED94EA}.Debug|Any CPU.ActiveCfg = Debug|Any CPU
		{C7634BAF-358F-48A5-98CB-E02376ED94EA}.Debug|Any CPU.Build.0 = Debug|Any CPU
		{C7634BAF-358F-48A5-98CB-E02376ED94EA}.Release|Any CPU.ActiveCfg = Release|Any CPU
		{C7634BAF-358F-48A5-98CB-E02376ED94EA}.Release|Any CPU.Build.0 = Release|Any CPU
		{39337D88-3911-49BE-89D1-1AA4A5D156B5}.Debug|Any CPU.ActiveCfg = Debug|Any CPU
		{39337D88-3911-49BE-89D1-1AA4A5D156B5}.Debug|Any CPU.Build.0 = Debug|Any CPU
		{39337D88-3911-49BE-89D1-1AA4A5D156B5}.Release|Any CPU.ActiveCfg = Release|Any CPU
		{39337D88-3911-49BE-89D1-1AA4A5D156B5}.Release|Any CPU.Build.0 = Release|Any CPU
		{A67F25A6-63D9-496B-98F0-A0F46DD8042C}.Debug|Any CPU.ActiveCfg = Debug|Any CPU
		{A67F25A6-63D9-496B-98F0-A0F46DD8042C}.Debug|Any CPU.Build.0 = Debug|Any CPU
		{A67F25A6-63D9-496B-98F0-A0F46DD8042C}.Release|Any CPU.ActiveCfg = Release|Any CPU
		{A67F25A6-63D9-496B-98F0-A0F46DD8042C}.Release|Any CPU.Build.0 = Release|Any CPU
		{22C5772B-F7C3-412B-B2FA-FD465DE713F5}.Debug|Any CPU.ActiveCfg = Debug|Any CPU
		{22C5772B-F7C3-412B-B2FA-FD465DE713F5}.Debug|Any CPU.Build.0 = Debug|Any CPU
		{22C5772B-F7C3-412B-B2FA-FD465DE713F5}.Release|Any CPU.ActiveCfg = Release|Any CPU
		{22C5772B-F7C3-412B-B2FA-FD465DE713F5}.Release|Any CPU.Build.0 = Release|Any CPU
	EndGlobalSection
	GlobalSection(SolutionProperties) = preSolution
		HideSolutionNode = FALSE
	EndGlobalSection
	GlobalSection(ExtensibilityGlobals) = postSolution
		SolutionGuid = {AB579531-7FD9-471E-ACE6-324518191F9B}
	EndGlobalSection
EndGlobal
